
Microsoft Visual Studio Solution File, Format Version 12.00
# Visual Studio 14
VisualStudioVersion = 14.0.25420.1
MinimumVisualStudioVersion = 10.0.40219.1
Project("{FAE04EC0-301F-11D3-BF4B-00C04F79EFBC}") = "RightAngleSegment", "RightAngleSegment\RightAngleSegment.csproj", "{8E390657-093F-4B70-9B06-37ECFE53B21D}"
EndProject
Global
	GlobalSection(SolutionConfigurationPlatforms) = preSolution
		Debug|Any CPU = Debug|Any CPU
		Release|Any CPU = Release|Any CPU
	EndGlobalSection
	GlobalSection(ProjectConfigurationPlatforms) = postSolution
		{8E390657-093F-4B70-9B06-37ECFE53B21D}.Debug|Any CPU.ActiveCfg = Debug|Any CPU
		{8E390657-093F-4B70-9B06-37ECFE53B21D}.Debug|Any CPU.Build.0 = Debug|Any CPU
		{8E390657-093F-4B70-9B06-37ECFE53B21D}.Release|Any CPU.ActiveCfg = Release|Any CPU
		{8E390657-093F-4B70-9B06-37ECFE53B21D}.Release|Any CPU.Build.0 = Release|Any CPU
	EndGlobalSection
	GlobalSection(SolutionProperties) = preSolution
		HideSolutionNode = FALSE
	EndGlobalSection
EndGlobal
